PODS:
  - IQKeyboardManagerSwift (6.5.6)
  - RxCocoa (5.1.1):
    - RxRelay (~> 5)
    - RxSwift (~> 5)
  - RxRelay (5.1.1):
    - RxSwift (~> 5)
  - RxSwift (5.1.1)
  - URLNavigator (2.3.0)

DEPENDENCIES:
  - IQKeyboardManagerSwift
  - RxCocoa
  - RxSwift
  - URLNavigator

SPEC REPOS:
  trunk:
    - IQKeyboardManagerSwift
    - RxCocoa
    - RxRelay
    - RxSwift
    - URLNavigator

SPEC CHECKSUMS:
  IQKeyboardManagerSwift: c7df9d2deb356c04522f5c4b7b6e4ce4d8ed94fe
  RxCocoa: 32065309a38d29b5b0db858819b5bf9ef038b601
  RxRelay: d77f7d771495f43c556cbc43eebd1bb54d01e8e9
  RxSwift: 81470a2074fa8780320ea5fe4102807cb7118178
  URLNavigator: 2593c0e2d293732ec5c44503cf54dceba1a68085

PODFILE CHECKSUM: 15882d0944bd2ae6f4409f6835f513614d21269e

COCOAPODS: 1.10.1
